
Microsoft Visual Studio Solution File, Format Version 12.00
# Visual Studio Version 16
VisualStudioVersion = 16.0.34301.259
MinimumVisualStudioVersion = 10.0.40219.1
Project("{FAE04EC0-301F-11D3-BF4B-00C04F79EFBC}") = "Produto", "Produto.csproj", "{C1FA1002-7395-4391-AD01-E0F9D5B83DAD}"
EndProject
Global
	GlobalSection(SolutionConfigurationPlatforms) = preSolution
		Debug|Any CPU = Debug|Any CPU
		Release|Any CPU = Release|Any CPU
	EndGlobalSection
	GlobalSection(ProjectConfigurationPlatforms) = postSolution
		{C1FA1002-7395-4391-AD01-E0F9D5B83DAD}.Debug|Any CPU.ActiveCfg = Debug|Any CPU
		{C1FA1002-7395-4391-AD01-E0F9D5B83DAD}.Debug|Any CPU.Build.0 = Debug|Any CPU
		{C1FA1002-7395-4391-AD01-E0F9D5B83DAD}.Release|Any CPU.ActiveCfg = Release|Any CPU
		{C1FA1002-7395-4391-AD01-E0F9D5B83DAD}.Release|Any CPU.Build.0 = Release|Any CPU
	EndGlobalSection
	GlobalSection(SolutionProperties) = preSolution
		HideSolutionNode = FALSE
	EndGlobalSection
	GlobalSection(ExtensibilityGlobals) = postSolution
		SolutionGuid = {1E2C2B76-ED62-46B4-A87D-5702B5957346}
	EndGlobalSection
EndGlobal
